
Microsoft Visual Studio Solution File, Format Version 12.00
# Visual Studio Version 17
VisualStudioVersion = 17.9.34622.214
MinimumVisualStudioVersion = 10.0.40219.1
Project("{FAE04EC0-301F-11D3-BF4B-00C04F79EFBC}") = "ShoeStore", "ShoeStore\ShoeStore.csproj", "{A3E86698-553F-4C24-996E-2D660EC67AAF}"
EndProject
Global
	GlobalSection(SolutionConfigurationPlatforms) = preSolution
		Debug|Any CPU = Debug|Any CPU
		Release|Any CPU = Release|Any CPU
	EndGlobalSection
	GlobalSection(ProjectConfigurationPlatforms) = postSolution
		{A3E86698-553F-4C24-996E-2D660EC67AAF}.Debug|Any CPU.ActiveCfg = Debug|Any CPU
		{A3E86698-553F-4C24-996E-2D660EC67AAF}.Debug|Any CPU.Build.0 = Debug|Any CPU
		{A3E86698-553F-4C24-996E-2D660EC67AAF}.Release|Any CPU.ActiveCfg = Release|Any CPU
		{A3E86698-553F-4C24-996E-2D660EC67AAF}.Release|Any CPU.Build.0 = Release|Any CPU
	EndGlobalSection
	GlobalSection(SolutionProperties) = preSolution
		HideSolutionNode = FALSE
	EndGlobalSection
	GlobalSection(ExtensibilityGlobals) = postSolution
		SolutionGuid = {D2A340E0-15D8-4226-8323-C566A45F2721}
	EndGlobalSection
EndGlobal
